{
  "pins" : [
    {
      "identity" : "wrappinghstack",
      "kind" : "remoteSourceControl",
      "location" : "https://github.com/dkk/WrappingHStack",
      "state" : {
        "revision" : "d1fc706a585b9d4d72fb9fe4e5c761cba44d8c0d",
        "version" : "2.0.0"
      }
    }
  ],
  "version" : 2
}
